
Microsoft Visual Studio Solution File, Format Version 12.00
# Visual Studio Version 17
VisualStudioVersion = 17.14.36408.4 d17.14
MinimumVisualStudioVersion = 10.0.40219.1
Project("{8BC9CEB8-8B4A-11D0-8D11-00A0C91BC942}") = "cuda-gatsp", "cuda-gatsp\cuda-gatsp.vcxproj", "{F8C15933-3831-99E7-6DE6-5357CE7FF4E7}"
EndProject
Project("{8BC9CEB8-8B4A-11D0-8D11-00A0C91BC942}") = "cuda-tspui", "cuda-tspui\cuda-tspui.vcxproj", "{A4CFF4D6-6379-6FDA-068B-B5666FBA80EF}"
EndProject
Global
	GlobalSection(SolutionConfigurationPlatforms) = preSolution
		Debug|x64 = Debug|x64
		Release|x64 = Release|x64
	EndGlobalSection
	GlobalSection(ProjectConfigurationPlatforms) = postSolution
		{F8C15933-3831-99E7-6DE6-5357CE7FF4E7}.Debug|x64.ActiveCfg = Debug|x64
		{F8C15933-3831-99E7-6DE6-5357CE7FF4E7}.Debug|x64.Build.0 = Debug|x64
		{F8C15933-3831-99E7-6DE6-5357CE7FF4E7}.Release|x64.ActiveCfg = Release|x64
		{F8C15933-3831-99E7-6DE6-5357CE7FF4E7}.Release|x64.Build.0 = Release|x64
		{A4CFF4D6-6379-6FDA-068B-B5666FBA80EF}.Debug|x64.ActiveCfg = Debug|x64
		{A4CFF4D6-6379-6FDA-068B-B5666FBA80EF}.Debug|x64.Build.0 = Debug|x64
		{A4CFF4D6-6379-6FDA-068B-B5666FBA80EF}.Release|x64.ActiveCfg = Release|x64
		{A4CFF4D6-6379-6FDA-068B-B5666FBA80EF}.Release|x64.Build.0 = Release|x64
	EndGlobalSection
	GlobalSection(SolutionProperties) = preSolution
		HideSolutionNode = FALSE
	EndGlobalSection
	GlobalSection(ExtensibilityGlobals) = postSolution
		SolutionGuid = {0F79A123-2374-4DF1-BD67-49028A178B33}
	EndGlobalSection
EndGlobal
